
Microsoft Visual Studio Solution File, Format Version 12.00
# Visual Studio 15
VisualStudioVersion = 15.0.27703.2042
MinimumVisualStudioVersion = 10.0.40219.1
Project("{FAE04EC0-301F-11D3-BF4B-00C04F79EFBC}") = "Week4Lab17", "Week4Lab17\Week4Lab17.csproj", "{2991E62A-DE4A-48FC-9443-AC585871855C}"
EndProject
Project("{FAE04EC0-301F-11D3-BF4B-00C04F79EFBC}") = "PrimeNumberGenerator.Test", "PrimeNumberGenerator.Test\PrimeNumberGenerator.Test.csproj", "{A040BAC9-057B-4C79-B28D-D0B308A089D2}"
EndProject
Global
	GlobalSection(SolutionConfigurationPlatforms) = preSolution
		Debug|Any CPU = Debug|Any CPU
		Release|Any CPU = Release|Any CPU
	EndGlobalSection
	GlobalSection(ProjectConfigurationPlatforms) = postSolution
		{2991E62A-DE4A-48FC-9443-AC585871855C}.Debug|Any CPU.ActiveCfg = Debug|Any CPU
		{2991E62A-DE4A-48FC-9443-AC585871855C}.Debug|Any CPU.Build.0 = Debug|Any CPU
		{2991E62A-DE4A-48FC-9443-AC585871855C}.Release|Any CPU.ActiveCfg = Release|Any CPU
		{2991E62A-DE4A-48FC-9443-AC585871855C}.Release|Any CPU.Build.0 = Release|Any CPU
		{A040BAC9-057B-4C79-B28D-D0B308A089D2}.Debug|Any CPU.ActiveCfg = Debug|Any CPU
		{A040BAC9-057B-4C79-B28D-D0B308A089D2}.Debug|Any CPU.Build.0 = Debug|Any CPU
		{A040BAC9-057B-4C79-B28D-D0B308A089D2}.Release|Any CPU.ActiveCfg = Release|Any CPU
		{A040BAC9-057B-4C79-B28D-D0B308A089D2}.Release|Any CPU.Build.0 = Release|Any CPU
	EndGlobalSection
	GlobalSection(SolutionProperties) = preSolution
		HideSolutionNode = FALSE
	EndGlobalSection
	GlobalSection(ExtensibilityGlobals) = postSolution
		SolutionGuid = {AD06C1AA-B2DD-436E-A294-E9574FFA5F8B}
	EndGlobalSection
EndGlobal
